// !$*UTF8*$!
{
	archiveVersion = 1;
	classes = {
	};
	objectVersion = 56;
	objects = {

/* Begin PBXBuildFile section */
		02BCD7FF2B9C25D400155AD0 /* main.cpp in Sources */ = {isa = PBXBuildFile; fileRef = 02BCD7FE2B9C25D400155AD0 /* main.cpp */; };
		02BCD8142B9C270400155AD0 /* router.cpp in Sources */ = {isa = PBXBuildFile; fileRef = 02BCD8122B9C270400155AD0 /* router.cpp */; };
		02BCD8172B9C272400155AD0 /* tour_generator.cpp in Sources */ = {isa = PBXBuildFile; fileRef = 02BCD8152B9C272400155AD0 /* tour_generator.cpp */; };
		02BCD81A2B9C274600155AD0 /* geodb.cpp in Sources */ = {isa = PBXBuildFile; fileRef = 02BCD8182B9C274600155AD0 /* geodb.cpp */; };
/* End PBXBuildFile section */

/* Begin PBXCopyFilesBuildPhase section */
		02BCD7F92B9C25D400155AD0 /* CopyFiles */ = {
			isa = PBXCopyFilesBuildPhase;
			buildActionMask = 2147483647;
			dstPath = /usr/share/man/man1/;
			dstSubfolderSpec = 0;
			files = (
			);
			runOnlyForDeploymentPostprocessing = 1;
		};
/* End PBXCopyFilesBuildPhase section */

/* Begin PBXFileReference section */
		02BCD7FB2B9C25D400155AD0 /* Project4 */ = {isa = PBXFileReference; explicitFileType = "compiled.mach-o.executable"; includeInIndex = 0; path = Project4; sourceTree = BUILT_PRODUCTS_DIR; };
		02BCD7FE2B9C25D400155AD0 /* main.cpp */ = {isa = PBXFileReference; lastKnownFileType = sourcecode.cpp.cpp; path = main.cpp; sourceTree = "<group>"; };
		02BCD80D2B9C263700155AD0 /* tourcmd.h */ = {isa = PBXFileReference; fileEncoding = 4; lastKnownFileType = sourcecode.c.h; path = tourcmd.h; sourceTree = "<group>"; };
		02BCD80E2B9C263700155AD0 /* base_classes.h */ = {isa = PBXFileReference; fileEncoding = 4; lastKnownFileType = sourcecode.c.h; path = base_classes.h; sourceTree = "<group>"; };
		02BCD80F2B9C263700155AD0 /* geotools.h */ = {isa = PBXFileReference; fileEncoding = 4; lastKnownFileType = sourcecode.c.h; path = geotools.h; sourceTree = "<group>"; };
		02BCD8102B9C263700155AD0 /* stops.h */ = {isa = PBXFileReference; fileEncoding = 4; lastKnownFileType = sourcecode.c.h; path = stops.h; sourceTree = "<group>"; };
		02BCD8112B9C263700155AD0 /* geopoint.h */ = {isa = PBXFileReference; fileEncoding = 4; lastKnownFileType = sourcecode.c.h; path = geopoint.h; sourceTree = "<group>"; };
		02BCD8122B9C270400155AD0 /* router.cpp */ = {isa = PBXFileReference; lastKnownFileType = sourcecode.cpp.cpp; path = router.cpp; sourceTree = "<group>"; };
		02BCD8132B9C270400155AD0 /* router.h */ = {isa = PBXFileReference; explicitFileType = sourcecode.c.h; path = router.h; sourceTree = "<group>"; };
		02BCD8152B9C272400155AD0 /* tour_generator.cpp */ = {isa = PBXFileReference; lastKnownFileType = sourcecode.cpp.cpp; path = tour_generator.cpp; sourceTree = "<group>"; };
		02BCD8162B9C272400155AD0 /* tour_generator.h */ = {isa = PBXFileReference; explicitFileType = sourcecode.c.h; path = tour_generator.h; sourceTree = "<group>"; };
		02BCD8182B9C274600155AD0 /* geodb.cpp */ = {isa = PBXFileReference; lastKnownFileType = sourcecode.cpp.cpp; path = geodb.cpp; sourceTree = "<group>"; };
		02BCD8192B9C274600155AD0 /* geodb.h */ = {isa = PBXFileReference; explicitFileType = sourcecode.c.h; path = geodb.h; sourceTree = "<group>"; };
		02BCD81B2B9C2A6700155AD0 /* HashMap.h */ = {isa = PBXFileReference; lastKnownFileType = sourcecode.c.h; path = HashMap.h; sourceTree = "<group>"; };
		02BCD81C2B9C31D100155AD0 /* mapdata.txt */ = {isa = PBXFileReference; fileEncoding = 4; lastKnownFileType = text; path = mapdata.txt; sourceTree = "<group>"; };
/* End PBXFileReference section */

/* Begin PBXFrameworksBuildPhase section */
		02BCD7F82B9C25D400155AD0 /* Frameworks */ = {
			isa = PBXFrameworksBuildPhase;
			buildActionMask = 2147483647;
			files = (
			);
			runOnlyForDeploymentPostprocessing = 0;
		};
/* End PBXFrameworksBuildPhase section */

/* Begin PBXGroup section */
		02BCD7F22B9C25D400155AD0 = {
			isa = PBXGroup;
			children = (
				02BCD7FD2B9C25D400155AD0 /* Project4 */,
				02BCD7FC2B9C25D400155AD0 /* Products */,
			);
			sourceTree = "<group>";
		};
		02BCD7FC2B9C25D400155AD0 /* Products */ = {
			isa = PBXGroup;
			children = (
				02BCD7FB2B9C25D400155AD0 /* Project4 */,
			);
			name = Products;
			sourceTree = "<group>";
		};
		02BCD7FD2B9C25D400155AD0 /* Project4 */ = {
			isa = PBXGroup;
			children = (
				02BCD81C2B9C31D100155AD0 /* mapdata.txt */,
				02BCD80E2B9C263700155AD0 /* base_classes.h */,
				02BCD8112B9C263700155AD0 /* geopoint.h */,
				02BCD80F2B9C263700155AD0 /* geotools.h */,
				02BCD8102B9C263700155AD0 /* stops.h */,
				02BCD80D2B9C263700155AD0 /* tourcmd.h */,
				02BCD7FE2B9C25D400155AD0 /* main.cpp */,
				02BCD8122B9C270400155AD0 /* router.cpp */,
				02BCD8132B9C270400155AD0 /* router.h */,
				02BCD8152B9C272400155AD0 /* tour_generator.cpp */,
				02BCD8162B9C272400155AD0 /* tour_generator.h */,
				02BCD8182B9C274600155AD0 /* geodb.cpp */,
				02BCD8192B9C274600155AD0 /* geodb.h */,
				02BCD81B2B9C2A6700155AD0 /* HashMap.h */,
			);
			path = Project4;
			sourceTree = "<group>";
		};
/* End PBXGroup section */

/* Begin PBXNativeTarget section */
		02BCD7FA2B9C25D400155AD0 /* Project4 */ = {
			isa = PBXNativeTarget;
			buildConfigurationList = 02BCD8022B9C25D400155AD0 /* Build configuration list for PBXNativeTarget "Project4" */;
			buildPhases = (
				02BCD7F72B9C25D400155AD0 /* Sources */,
				02BCD7F82B9C25D400155AD0 /* Frameworks */,
				02BCD7F92B9C25D400155AD0 /* CopyFiles */,
			);
			buildRules = (
			);
			dependencies = (
			);
			name = Project4;
			productName = Project4;
			productReference = 02BCD7FB2B9C25D400155AD0 /* Project4 */;
			productType = "com.apple.product-type.tool";
		};
/* End PBXNativeTarget section */

/* Begin PBXProject section */
		02BCD7F32B9C25D400155AD0 /* Project object */ = {
			isa = PBXProject;
			attributes = {
				BuildIndependentTargetsInParallel = 1;
				LastUpgradeCheck = 1530;
				TargetAttributes = {
					02BCD7FA2B9C25D400155AD0 = {
						CreatedOnToolsVersion = 15.3;
					};
				};
			};
			buildConfigurationList = 02BCD7F62B9C25D400155AD0 /* Build configuration list for PBXProject "Project4" */;
			compatibilityVersion = "Xcode 14.0";
			developmentRegion = en;
			hasScannedForEncodings = 0;
			knownRegions = (
				en,
				Base,
			);
			mainGroup = 02BCD7F22B9C25D400155AD0;
			productRefGroup = 02BCD7FC2B9C25D400155AD0 /* Products */;
			projectDirPath = "";
			projectRoot = "";
			targets = (
				02BCD7FA2B9C25D400155AD0 /* Project4 */,
			);
		};
/* End PBXProject section */

/* Begin PBXSourcesBuildPhase section */
		02BCD7F72B9C25D400155AD0 /* Sources */ = {
			isa = PBXSourcesBuildPhase;
			buildActionMask = 2147483647;
			files = (
				02BCD81A2B9C274600155AD0 /* geodb.cpp in Sources */,
				02BCD8172B9C272400155AD0 /* tour_generator.cpp in Sources */,
				02BCD8142B9C270400155AD0 /* router.cpp in Sources */,
				02BCD7FF2B9C25D400155AD0 /* main.cpp in Sources */,
			);
			runOnlyForDeploymentPostprocessing = 0;
		};
/* End PBXSourcesBuildPhase section */

/* Begin XCBuildConfiguration section */
		02BCD8002B9C25D400155AD0 /* Debug */ = {
			isa = XCBuildConfiguration;
			buildSettings = {
				ALWAYS_SEARCH_USER_PATHS = NO;
				ASSETCATALOG_COMPILER_GENERATE_SWIFT_ASSET_SYMBOL_EXTENSIONS = YES;
				CLANG_ANALYZER_NONNULL = YES;
				CLANG_ANALYZER_NUMBER_OBJECT_CONVERSION = YES_AGGRESSIVE;
				CLANG_CXX_LANGUAGE_STANDARD = "gnu++20";
				CLANG_ENABLE_MODULES = YES;
				CLANG_ENABLE_OBJC_ARC = YES;
				CLANG_ENABLE_OBJC_WEAK = YES;
				CLANG_WARN_BLOCK_CAPTURE_AUTORELEASING = YES;
				CLANG_WARN_BOOL_CONVERSION = YES;
				CLANG_WARN_COMMA = YES;
				CLANG_WARN_CONSTANT_CONVERSION = YES;
				CLANG_WARN_DEPRECATED_OBJC_IMPLEMENTATIONS = YES;
				CLANG_WARN_DIRECT_OBJC_ISA_USAGE = YES_ERROR;
				CLANG_WARN_DOCUMENTATION_COMMENTS = YES;
				CLANG_WARN_EMPTY_BODY = YES;
				CLANG_WARN_ENUM_CONVERSION = YES;
				CLANG_WARN_INFINITE_RECURSION = YES;
				CLANG_WARN_INT_CONVERSION = YES;
				CLANG_WARN_NON_LITERAL_NULL_CONVERSION = YES;
				CLANG_WARN_OBJC_IMPLICIT_RETAIN_SELF = YES;
				CLANG_WARN_OBJC_LITERAL_CONVERSION = YES;
				CLANG_WARN_OBJC_ROOT_CLASS = YES_ERROR;
				CLANG_WARN_QUOTED_INCLUDE_IN_FRAMEWORK_HEADER = YES;
				CLANG_WARN_RANGE_LOOP_ANALYSIS = YES;
				CLANG_WARN_STRICT_PROTOTYPES = YES;
				CLANG_WARN_SUSPICIOUS_MOVE = YES;
				CLANG_WARN_UNGUARDED_AVAILABILITY = YES_AGGRESSIVE;
				CLANG_WARN_UNREACHABLE_CODE = YES;
				CLANG_WARN__DUPLICATE_METHOD_MATCH = YES;
				COPY_PHASE_STRIP = NO;
				DEBUG_INFORMATION_FORMAT = dwarf;
				ENABLE_STRICT_OBJC_MSGSEND = YES;
				ENABLE_TESTABILITY = YES;
				ENABLE_USER_SCRIPT_SANDBOXING = YES;
				GCC_C_LANGUAGE_STANDARD = gnu17;
				GCC_DYNAMIC_NO_PIC = NO;
				GCC_NO_COMMON_BLOCKS = YES;
				GCC_OPTIMIZATION_LEVEL = 0;
				GCC_PREPROCESSOR_DEFINITIONS = (
					"DEBUG=1",
					"$(inherited)",
				);
				GCC_WARN_64_TO_32_BIT_CONVERSION = YES;
				GCC_WARN_ABOUT_RETURN_TYPE = YES_ERROR;
				GCC_WARN_UNDECLARED_SELECTOR = YES;
				GCC_WARN_UNINITIALIZED_AUTOS = YES_AGGRESSIVE;
				GCC_WARN_UNUSED_FUNCTION = YES;
				GCC_WARN_UNUSED_VARIABLE = YES;
				LOCALIZATION_PREFERS_STRING_CATALOGS = YES;
				MACOSX_DEPLOYMENT_TARGET = 14.3;
				MTL_ENABLE_DEBUG_INFO = INCLUDE_SOURCE;
				MTL_FAST_MATH = YES;
				ONLY_ACTIVE_ARCH = YES;
				SDKROOT = macosx;
			};
			name = Debug;
		};
		02BCD8012B9C25D400155AD0 /* Release */ = {
			isa = XCBuildConfiguration;
			buildSettings = {
				ALWAYS_SEARCH_USER_PATHS = NO;
				ASSETCATALOG_COMPILER_GENERATE_SWIFT_ASSET_SYMBOL_EXTENSIONS = YES;
				CLANG_ANALYZER_NONNULL = YES;
				CLANG_ANALYZER_NUMBER_OBJECT_CONVERSION = YES_AGGRESSIVE;
				CLANG_CXX_LANGUAGE_STANDARD = "gnu++20";
				CLANG_ENABLE_MODULES = YES;
				CLANG_ENABLE_OBJC_ARC = YES;
				CLANG_ENABLE_OBJC_WEAK = YES;
				CLANG_WARN_BLOCK_CAPTURE_AUTORELEASING = YES;
				CLANG_WARN_BOOL_CONVERSION = YES;
				CLANG_WARN_COMMA = YES;
				CLANG_WARN_CONSTANT_CONVERSION = YES;
				CLANG_WARN_DEPRECATED_OBJC_IMPLEMENTATIONS = YES;
				CLANG_WARN_DIRECT_OBJC_ISA_USAGE = YES_ERROR;
				CLANG_WARN_DOCUMENTATION_COMMENTS = YES;
				CLANG_WARN_EMPTY_BODY = YES;
				CLANG_WARN_ENUM_CONVERSION = YES;
				CLANG_WARN_INFINITE_RECURSION = YES;
				CLANG_WARN_INT_CONVERSION = YES;
				CLANG_WARN_NON_LITERAL_NULL_CONVERSION = YES;
				CLANG_WARN_OBJC_IMPLICIT_RETAIN_SELF = YES;
				CLANG_WARN_OBJC_LITERAL_CONVERSION = YES;
				CLANG_WARN_OBJC_ROOT_CLASS = YES_ERROR;
				CLANG_WARN_QUOTED_INCLUDE_IN_FRAMEWORK_HEADER = YES;
				CLANG_WARN_RANGE_LOOP_ANALYSIS = YES;
				CLANG_WARN_STRICT_PROTOTYPES = YES;
				CLANG_WARN_SUSPICIOUS_MOVE = YES;
				CLANG_WARN_UNGUARDED_AVAILABILITY = YES_AGGRESSIVE;
				CLANG_WARN_UNREACHABLE_CODE = YES;
				CLANG_WARN__DUPLICATE_METHOD_MATCH = YES;
				COPY_PHASE_STRIP = NO;
				DEBUG_INFORMATION_FORMAT = "dwarf-with-dsym";
				ENABLE_NS_ASSERTIONS = NO;
				ENABLE_STRICT_OBJC_MSGSEND = YES;
				ENABLE_USER_SCRIPT_SANDBOXING = YES;
				GCC_C_LANGUAGE_STANDARD = gnu17;
				GCC_NO_COMMON_BLOCKS = YES;
				GCC_WARN_64_TO_32_BIT_CONVERSION = YES;
				GCC_WARN_ABOUT_RETURN_TYPE = YES_ERROR;
				GCC_WARN_UNDECLARED_SELECTOR = YES;
				GCC_WARN_UNINITIALIZED_AUTOS = YES_AGGRESSIVE;
				GCC_WARN_UNUSED_FUNCTION = YES;
				GCC_WARN_UNUSED_VARIABLE = YES;
				LOCALIZATION_PREFERS_STRING_CATALOGS = YES;
				MACOSX_DEPLOYMENT_TARGET = 14.3;
				MTL_ENABLE_DEBUG_INFO = NO;
				MTL_FAST_MATH = YES;
				SDKROOT = macosx;
			};
			name = Release;
		};
		02BCD8032B9C25D400155AD0 /* Debug */ = {
			isa = XCBuildConfiguration;
			buildSettings = {
				CODE_SIGN_STYLE = Automatic;
				PRODUCT_NAME = "$(TARGET_NAME)";
			};
			name = Debug;
		};
		02BCD8042B9C25D400155AD0 /* Release */ = {
			isa = XCBuildConfiguration;
			buildSettings = {
				CODE_SIGN_STYLE = Automatic;
				PRODUCT_NAME = "$(TARGET_NAME)";
			};
			name = Release;
		};
/* End XCBuildConfiguration section */

/* Begin XCConfigurationList section */
		02BCD7F62B9C25D400155AD0 /* Build configuration list for PBXProject "Project4" */ = {
			isa = XCConfigurationList;
			buildConfigurations = (
				02BCD8002B9C25D400155AD0 /* Debug */,
				02BCD8012B9C25D400155AD0 /* Release */,
			);
			defaultConfigurationIsVisible = 0;
			defaultConfigurationName = Release;
		};
		02BCD8022B9C25D400155AD0 /* Build configuration list for PBXNativeTarget "Project4" */ = {
			isa = XCConfigurationList;
			buildConfigurations = (
				02BCD8032B9C25D400155AD0 /* Debug */,
				02BCD8042B9C25D400155AD0 /* Release */,
			);
			defaultConfigurationIsVisible = 0;
			defaultConfigurationName = Release;
		};
/* End XCConfigurationList section */
	};
	rootObject = 02BCD7F32B9C25D400155AD0 /* Project object */;
}
